// !$*UTF8*$!
{
	archiveVersion = 1;
	classes = {
	};
	objectVersion = 55;
	objects = {

/* Begin PBXBuildFile section */
		0459F61328ACF12B00B48125 /* FoodTypeTableViewCell.swift in Sources */ = {isa = PBXBuildFile; fileRef = 0459F61228ACF12B00B48125 /* FoodTypeTableViewCell.swift */; };
		0459F61528ACF15900B48125 /* PhotoSliderCollectionViewCell.swift in Sources */ = {isa = PBXBuildFile; fileRef = 0459F61428ACF15900B48125 /* PhotoSliderCollectionViewCell.swift */; };
		0468308128B138890055688A /* AppCoordinator.swift in Sources */ = {isa = PBXBuildFile; fileRef = 0468308028B138890055688A /* AppCoordinator.swift */; };
		0468308328B13B390055688A /* CoordinatorBuilder.swift in Sources */ = {isa = PBXBuildFile; fileRef = 0468308228B13B390055688A /* CoordinatorBuilder.swift */; };
		0468308728B13E0F0055688A /* MainCoordinator.swift in Sources */ = {isa = PBXBuildFile; fileRef = 0468308628B13E0F0055688A /* MainCoordinator.swift */; };
		0468308B28B156030055688A /* APICaller.swift in Sources */ = {isa = PBXBuildFile; fileRef = 0468308A28B156030055688A /* APICaller.swift */; };
		0468308D28B156BE0055688A /* BusinessesList.swift in Sources */ = {isa = PBXBuildFile; fileRef = 0468308C28B156BE0055688A /* BusinessesList.swift */; };
		0468308F28B156C90055688A /* Business.swift in Sources */ = {isa = PBXBuildFile; fileRef = 0468308E28B156C90055688A /* Business.swift */; };
		0468309128B15A4C0055688A /* DefaultArrays.swift in Sources */ = {isa = PBXBuildFile; fileRef = 0468309028B15A4C0055688A /* DefaultArrays.swift */; };
		0468309428B25BBD0055688A /* SDWebImage in Frameworks */ = {isa = PBXBuildFile; productRef = 0468309328B25BBD0055688A /* SDWebImage */; };
		0468309628B25BBD0055688A /* SDWebImageMapKit in Frameworks */ = {isa = PBXBuildFile; productRef = 0468309528B25BBD0055688A /* SDWebImageMapKit */; };
		0468309828B2A3AD0055688A /* BusinessesItemTableViewCell.swift in Sources */ = {isa = PBXBuildFile; fileRef = 0468309728B2A3AD0055688A /* BusinessesItemTableViewCell.swift */; };
		0468309A28B47CAB0055688A /* LayoutDetailView.swift in Sources */ = {isa = PBXBuildFile; fileRef = 0468309928B47CAB0055688A /* LayoutDetailView.swift */; };
		0468309D28B47D980055688A /* SkeletonView in Frameworks */ = {isa = PBXBuildFile; productRef = 0468309C28B47D980055688A /* SkeletonView */; };
		0468309F28B4A34B0055688A /* PersistanceManager.swift in Sources */ = {isa = PBXBuildFile; fileRef = 0468309E28B4A34B0055688A /* PersistanceManager.swift */; };
		046830A328B4DB6D0055688A /* FavoritesCoordinator.swift in Sources */ = {isa = PBXBuildFile; fileRef = 046830A228B4DB6D0055688A /* FavoritesCoordinator.swift */; };
		046830AB28B6401C0055688A /* AvenirNextLTPro-Regular.otf in Resources */ = {isa = PBXBuildFile; fileRef = 046830A828B6401B0055688A /* AvenirNextLTPro-Regular.otf */; };
		046830AC28B6401C0055688A /* AvenirNextLTPro-Bold.otf in Resources */ = {isa = PBXBuildFile; fileRef = 046830A928B6401B0055688A /* AvenirNextLTPro-Bold.otf */; };
		046830AD28B6401C0055688A /* AvenirNextLTPro-It.otf in Resources */ = {isa = PBXBuildFile; fileRef = 046830AA28B6401B0055688A /* AvenirNextLTPro-It.otf */; };
		04C8E1B528ACDF8C00DDA37F /* AppDelegate.swift in Sources */ = {isa = PBXBuildFile; fileRef = 04C8E1B428ACDF8C00DDA37F /* AppDelegate.swift */; };
		04C8E1B728ACDF8C00DDA37F /* SceneDelegate.swift in Sources */ = {isa = PBXBuildFile; fileRef = 04C8E1B628ACDF8C00DDA37F /* SceneDelegate.swift */; };
		04C8E1B928ACDF8C00DDA37F /* ViewController.swift in Sources */ = {isa = PBXBuildFile; fileRef = 04C8E1B828ACDF8C00DDA37F /* ViewController.swift */; };
		04C8E1BF28ACDF8C00DDA37F /* Yelpy.xcdatamodeld in Sources */ = {isa = PBXBuildFile; fileRef = 04C8E1BD28ACDF8C00DDA37F /* Yelpy.xcdatamodeld */; };
		04C8E1C128ACDF9200DDA37F /* Assets.xcassets in Resources */ = {isa = PBXBuildFile; fileRef = 04C8E1C028ACDF9200DDA37F /* Assets.xcassets */; };
		04C8E1C428ACDF9200DDA37F /* LaunchScreen.storyboard in Resources */ = {isa = PBXBuildFile; fileRef = 04C8E1C228ACDF9200DDA37F /* LaunchScreen.storyboard */; };
		04C8E1CE28ACE2D400DDA37F /* ModuleBuilder.swift in Sources */ = {isa = PBXBuildFile; fileRef = 04C8E1CD28ACE2D400DDA37F /* ModuleBuilder.swift */; };
		04C8E1D128ACE9D000DDA37F /* MainViewController.swift in Sources */ = {isa = PBXBuildFile; fileRef = 04C8E1D028ACE9D000DDA37F /* MainViewController.swift */; };
		04C8E1D328ACE9E800DDA37F /* LayoutMainView.swift in Sources */ = {isa = PBXBuildFile; fileRef = 04C8E1D228ACE9E800DDA37F /* LayoutMainView.swift */; };
		04C8E1D528ACE9F600DDA37F /* MainPresenter.swift in Sources */ = {isa = PBXBuildFile; fileRef = 04C8E1D428ACE9F600DDA37F /* MainPresenter.swift */; };
		04C8E1D828ACEA2F00DDA37F /* FavoritesViewController.swift in Sources */ = {isa = PBXBuildFile; fileRef = 04C8E1D728ACEA2F00DDA37F /* FavoritesViewController.swift */; };
		04C8E1DA28ACEA5B00DDA37F /* FavoritesPresenter.swift in Sources */ = {isa = PBXBuildFile; fileRef = 04C8E1D928ACEA5B00DDA37F /* FavoritesPresenter.swift */; };
		04C8E1DD28ACEA7B00DDA37F /* DetailPresenter.swift in Sources */ = {isa = PBXBuildFile; fileRef = 04C8E1DC28ACEA7B00DDA37F /* DetailPresenter.swift */; };
		04C8E1DF28ACEA9200DDA37F /* DetailViewController.swift in Sources */ = {isa = PBXBuildFile; fileRef = 04C8E1DE28ACEA9200DDA37F /* DetailViewController.swift */; };
		04C8E1E228ACEACD00DDA37F /* ListViewController.swift in Sources */ = {isa = PBXBuildFile; fileRef = 04C8E1E128ACEACD00DDA37F /* ListViewController.swift */; };
		04C8E1E428ACEAD800DDA37F /* ListPresenter.swift in Sources */ = {isa = PBXBuildFile; fileRef = 04C8E1E328ACEAD800DDA37F /* ListPresenter.swift */; };
		04C8E1E728ACEEEE00DDA37F /* CardView.swift in Sources */ = {isa = PBXBuildFile; fileRef = 04C8E1E628ACEEEE00DDA37F /* CardView.swift */; };
		04C8E1EB28ACEF6B00DDA37F /* CuisineTableViewCell.swift in Sources */ = {isa = PBXBuildFile; fileRef = 04C8E1EA28ACEF6B00DDA37F /* CuisineTableViewCell.swift */; };
		04C8E1ED28ACF04300DDA37F /* Extentions.swift in Sources */ = {isa = PBXBuildFile; fileRef = 04C8E1EC28ACF04300DDA37F /* Extentions.swift */; };
		04C8E1EF28ACF08300DDA37F /* CommonTableViewCell.swift in Sources */ = {isa = PBXBuildFile; fileRef = 04C8E1EE28ACF08300DDA37F /* CommonTableViewCell.swift */; };
		04C8E1F128ACF0A200DDA37F /* TrendingTableViewCell.swift in Sources */ = {isa = PBXBuildFile; fileRef = 04C8E1F028ACF0A200DDA37F /* TrendingTableViewCell.swift */; };
		04C8E1F328ACF0C300DDA37F /* ListItemTableViewCell.swift in Sources */ = {isa = PBXBuildFile; fileRef = 04C8E1F228ACF0C300DDA37F /* ListItemTableViewCell.swift */; };
/* End PBXBuildFile section */

/* Begin PBXFileReference section */
		0459F61228ACF12B00B48125 /* FoodTypeTableViewCell.swift */ = {isa = PBXFileReference; lastKnownFileType = sourcecode.swift; path = FoodTypeTableViewCell.swift; sourceTree = "<group>"; };
		0459F61428ACF15900B48125 /* PhotoSliderCollectionViewCell.swift */ = {isa = PBXFileReference; lastKnownFileType = sourcecode.swift; path = PhotoSliderCollectionViewCell.swift; sourceTree = "<group>"; };
		0468308028B138890055688A /* AppCoordinator.swift */ = {isa = PBXFileReference; lastKnownFileType = sourcecode.swift; path = AppCoordinator.swift; sourceTree = "<group>"; };
		0468308228B13B390055688A /* CoordinatorBuilder.swift */ = {isa = PBXFileReference; lastKnownFileType = sourcecode.swift; path = CoordinatorBuilder.swift; sourceTree = "<group>"; };
		0468308628B13E0F0055688A /* MainCoordinator.swift */ = {isa = PBXFileReference; lastKnownFileType = sourcecode.swift; path = MainCoordinator.swift; sourceTree = "<group>"; };
		0468308A28B156030055688A /* APICaller.swift */ = {isa = PBXFileReference; lastKnownFileType = sourcecode.swift; path = APICaller.swift; sourceTree = "<group>"; };
		0468308C28B156BE0055688A /* BusinessesList.swift */ = {isa = PBXFileReference; lastKnownFileType = sourcecode.swift; path = BusinessesList.swift; sourceTree = "<group>"; };
		0468308E28B156C90055688A /* Business.swift */ = {isa = PBXFileReference; lastKnownFileType = sourcecode.swift; path = Business.swift; sourceTree = "<group>"; };
		0468309028B15A4C0055688A /* DefaultArrays.swift */ = {isa = PBXFileReference; lastKnownFileType = sourcecode.swift; path = DefaultArrays.swift; sourceTree = "<group>"; };
		0468309728B2A3AD0055688A /* BusinessesItemTableViewCell.swift */ = {isa = PBXFileReference; lastKnownFileType = sourcecode.swift; path = BusinessesItemTableViewCell.swift; sourceTree = "<group>"; };
		0468309928B47CAB0055688A /* LayoutDetailView.swift */ = {isa = PBXFileReference; lastKnownFileType = sourcecode.swift; path = LayoutDetailView.swift; sourceTree = "<group>"; };
		0468309E28B4A34B0055688A /* PersistanceManager.swift */ = {isa = PBXFileReference; lastKnownFileType = sourcecode.swift; path = PersistanceManager.swift; sourceTree = "<group>"; };
		046830A228B4DB6D0055688A /* FavoritesCoordinator.swift */ = {isa = PBXFileReference; lastKnownFileType = sourcecode.swift; path = FavoritesCoordinator.swift; sourceTree = "<group>"; };
		046830A828B6401B0055688A /* AvenirNextLTPro-Regular.otf */ = {isa = PBXFileReference; lastKnownFileType = file; path = "AvenirNextLTPro-Regular.otf"; sourceTree = "<group>"; };
		046830A928B6401B0055688A /* AvenirNextLTPro-Bold.otf */ = {isa = PBXFileReference; lastKnownFileType = file; path = "AvenirNextLTPro-Bold.otf"; sourceTree = "<group>"; };
		046830AA28B6401B0055688A /* AvenirNextLTPro-It.otf */ = {isa = PBXFileReference; lastKnownFileType = file; path = "AvenirNextLTPro-It.otf"; sourceTree = "<group>"; };
		04C8E1B128ACDF8C00DDA37F /* Yelpy.app */ = {isa = PBXFileReference; explicitFileType = wrapper.application; includeInIndex = 0; path = Yelpy.app; sourceTree = BUILT_PRODUCTS_DIR; };
		04C8E1B428ACDF8C00DDA37F /* AppDelegate.swift */ = {isa = PBXFileReference; lastKnownFileType = sourcecode.swift; path = AppDelegate.swift; sourceTree = "<group>"; };
		04C8E1B628ACDF8C00DDA37F /* SceneDelegate.swift */ = {isa = PBXFileReference; lastKnownFileType = sourcecode.swift; path = SceneDelegate.swift; sourceTree = "<group>"; };
		04C8E1B828ACDF8C00DDA37F /* ViewController.swift */ = {isa = PBXFileReference; lastKnownFileType = sourcecode.swift; path = ViewController.swift; sourceTree = "<group>"; };
		04C8E1BE28ACDF8C00DDA37F /* Yelpy.xcdatamodel */ = {isa = PBXFileReference; lastKnownFileType = wrapper.xcdatamodel; path = Yelpy.xcdatamodel; sourceTree = "<group>"; };
		04C8E1C028ACDF9200DDA37F /* Assets.xcassets */ = {isa = PBXFileReference; lastKnownFileType = folder.assetcatalog; path = Assets.xcassets; sourceTree = "<group>"; };
		04C8E1C328ACDF9200DDA37F /* Base */ = {isa = PBXFileReference; lastKnownFileType = file.storyboard; name = Base; path = Base.lproj/LaunchScreen.storyboard; sourceTree = "<group>"; };
		04C8E1C528ACDF9200DDA37F /* Info.plist */ = {isa = PBXFileReference; lastKnownFileType = text.plist.xml; path = Info.plist; sourceTree = "<group>"; };
		04C8E1CD28ACE2D400DDA37F /* ModuleBuilder.swift */ = {isa = PBXFileReference; lastKnownFileType = sourcecode.swift; path = ModuleBuilder.swift; sourceTree = "<group>"; };
		04C8E1D028ACE9D000DDA37F /* MainViewController.swift */ = {isa = PBXFileReference; lastKnownFileType = sourcecode.swift; path = MainViewController.swift; sourceTree = "<group>"; };
		04C8E1D228ACE9E800DDA37F /* LayoutMainView.swift */ = {isa = PBXFileReference; lastKnownFileType = sourcecode.swift; path = LayoutMainView.swift; sourceTree = "<group>"; };
		04C8E1D428ACE9F600DDA37F /* MainPresenter.swift */ = {isa = PBXFileReference; lastKnownFileType = sourcecode.swift; path = MainPresenter.swift; sourceTree = "<group>"; };
		04C8E1D728ACEA2F00DDA37F /* FavoritesViewController.swift */ = {isa = PBXFileReference; lastKnownFileType = sourcecode.swift; path = FavoritesViewController.swift; sourceTree = "<group>"; };
		04C8E1D928ACEA5B00DDA37F /* FavoritesPresenter.swift */ = {isa = PBXFileReference; lastKnownFileType = sourcecode.swift; path = FavoritesPresenter.swift; sourceTree = "<group>"; };
		04C8E1DC28ACEA7B00DDA37F /* DetailPresenter.swift */ = {isa = PBXFileReference; lastKnownFileType = sourcecode.swift; path = DetailPresenter.swift; sourceTree = "<group>"; };
		04C8E1DE28ACEA9200DDA37F /* DetailViewController.swift */ = {isa = PBXFileReference; lastKnownFileType = sourcecode.swift; path = DetailViewController.swift; sourceTree = "<group>"; };
		04C8E1E128ACEACD00DDA37F /* ListViewController.swift */ = {isa = PBXFileReference; lastKnownFileType = sourcecode.swift; path = ListViewController.swift; sourceTree = "<group>"; };
		04C8E1E328ACEAD800DDA37F /* ListPresenter.swift */ = {isa = PBXFileReference; lastKnownFileType = sourcecode.swift; path = ListPresenter.swift; sourceTree = "<group>"; };
		04C8E1E628ACEEEE00DDA37F /* CardView.swift */ = {isa = PBXFileReference; lastKnownFileType = sourcecode.swift; path = CardView.swift; sourceTree = "<group>"; };
		04C8E1EA28ACEF6B00DDA37F /* CuisineTableViewCell.swift */ = {isa = PBXFileReference; lastKnownFileType = sourcecode.swift; path = CuisineTableViewCell.swift; sourceTree = "<group>"; };
		04C8E1EC28ACF04300DDA37F /* Extentions.swift */ = {isa = PBXFileReference; lastKnownFileType = sourcecode.swift; path = Extentions.swift; sourceTree = "<group>"; };
		04C8E1EE28ACF08300DDA37F /* CommonTableViewCell.swift */ = {isa = PBXFileReference; lastKnownFileType = sourcecode.swift; path = CommonTableViewCell.swift; sourceTree = "<group>"; };
		04C8E1F028ACF0A200DDA37F /* TrendingTableViewCell.swift */ = {isa = PBXFileReference; lastKnownFileType = sourcecode.swift; path = TrendingTableViewCell.swift; sourceTree = "<group>"; };
		04C8E1F228ACF0C300DDA37F /* ListItemTableViewCell.swift */ = {isa = PBXFileReference; lastKnownFileType = sourcecode.swift; path = ListItemTableViewCell.swift; sourceTree = "<group>"; };
/* End PBXFileReference section */

/* Begin PBXFrameworksBuildPhase section */
		04C8E1AE28ACDF8C00DDA37F /* Frameworks */ = {
			isa = PBXFrameworksBuildPhase;
			buildActionMask = 2147483647;
			files = (
				0468309628B25BBD0055688A /* SDWebImageMapKit in Frameworks */,
				0468309D28B47D980055688A /* SkeletonView in Frameworks */,
				0468309428B25BBD0055688A /* SDWebImage in Frameworks */,
			);
			runOnlyForDeploymentPostprocessing = 0;
		};
/* End PBXFrameworksBuildPhase section */

/* Begin PBXGroup section */
		0468308828B154B10055688A /* Builders */ = {
			isa = PBXGroup;
			children = (
				0468308228B13B390055688A /* CoordinatorBuilder.swift */,
				04C8E1CD28ACE2D400DDA37F /* ModuleBuilder.swift */,
			);
			path = Builders;
			sourceTree = "<group>";
		};
		0468308928B154EF0055688A /* Coordinators */ = {
			isa = PBXGroup;
			children = (
				0468308028B138890055688A /* AppCoordinator.swift */,
				0468308628B13E0F0055688A /* MainCoordinator.swift */,
				046830A228B4DB6D0055688A /* FavoritesCoordinator.swift */,
			);
			path = Coordinators;
			sourceTree = "<group>";
		};
		046830A028B4CAC00055688A /* Managers */ = {
			isa = PBXGroup;
			children = (
				0468309E28B4A34B0055688A /* PersistanceManager.swift */,
				0468308A28B156030055688A /* APICaller.swift */,
			);
			path = Managers;
			sourceTree = "<group>";
		};
		046830A128B4CACC0055688A /* Model */ = {
			isa = PBXGroup;
			children = (
				0468308E28B156C90055688A /* Business.swift */,
				0468308C28B156BE0055688A /* BusinessesList.swift */,
			);
			path = Model;
			sourceTree = "<group>";
		};
		046830A728B63FB10055688A /* fonts */ = {
			isa = PBXGroup;
			children = (
				046830A928B6401B0055688A /* AvenirNextLTPro-Bold.otf */,
				046830AA28B6401B0055688A /* AvenirNextLTPro-It.otf */,
				046830A828B6401B0055688A /* AvenirNextLTPro-Regular.otf */,
			);
			path = fonts;
			sourceTree = "<group>";
		};
		04C8E1A828ACDF8C00DDA37F = {
			isa = PBXGroup;
			children = (
				04C8E1B328ACDF8C00DDA37F /* Yelpy */,
				04C8E1B228ACDF8C00DDA37F /* Products */,
			);
			sourceTree = "<group>";
		};
		04C8E1B228ACDF8C00DDA37F /* Products */ = {
			isa = PBXGroup;
			children = (
				04C8E1B128ACDF8C00DDA37F /* Yelpy.app */,
			);
			name = Products;
			sourceTree = "<group>";
		};
		04C8E1B328ACDF8C00DDA37F /* Yelpy */ = {
			isa = PBXGroup;
			children = (
				04C8E1EC28ACF04300DDA37F /* Extentions.swift */,
				046830A028B4CAC00055688A /* Managers */,
				0468308828B154B10055688A /* Builders */,
				0468308928B154EF0055688A /* Coordinators */,
				04C8E1E828ACEF2A00DDA37F /* CustomViews */,
				04C8E1D628ACEA0300DDA37F /* MainModule */,
				04C8E1E528ACEAE000DDA37F /* ListModule */,
				04C8E1E028ACEA9700DDA37F /* DetailModule */,
				04C8E1DB28ACEA6400DDA37F /* FavoritesModule */,
				04C8E1CF28ACE9A200DDA37F /* Supports */,
				04C8E1C528ACDF9200DDA37F /* Info.plist */,
			);
			path = Yelpy;
			sourceTree = "<group>";
		};
		04C8E1CF28ACE9A200DDA37F /* Supports */ = {
			isa = PBXGroup;
			children = (
				046830A728B63FB10055688A /* fonts */,
				04C8E1B428ACDF8C00DDA37F /* AppDelegate.swift */,
				04C8E1B628ACDF8C00DDA37F /* SceneDelegate.swift */,
				04C8E1B828ACDF8C00DDA37F /* ViewController.swift */,
				04C8E1C028ACDF9200DDA37F /* Assets.xcassets */,
				04C8E1C228ACDF9200DDA37F /* LaunchScreen.storyboard */,
				04C8E1BD28ACDF8C00DDA37F /* Yelpy.xcdatamodeld */,
			);
			path = Supports;
			sourceTree = "<group>";
		};
		04C8E1D628ACEA0300DDA37F /* MainModule */ = {
			isa = PBXGroup;
			children = (
				046830A128B4CACC0055688A /* Model */,
				04C8E1D028ACE9D000DDA37F /* MainViewController.swift */,
				04C8E1D428ACE9F600DDA37F /* MainPresenter.swift */,
				0468309028B15A4C0055688A /* DefaultArrays.swift */,
				04C8E1D228ACE9E800DDA37F /* LayoutMainView.swift */,
			);
			path = MainModule;
			sourceTree = "<group>";
		};
		04C8E1DB28ACEA6400DDA37F /* FavoritesModule */ = {
			isa = PBXGroup;
			children = (
				04C8E1D728ACEA2F00DDA37F /* FavoritesViewController.swift */,
				04C8E1D928ACEA5B00DDA37F /* FavoritesPresenter.swift */,
			);
			path = FavoritesModule;
			sourceTree = "<group>";
		};
		04C8E1E028ACEA9700DDA37F /* DetailModule */ = {
			isa = PBXGroup;
			children = (
				04C8E1DE28ACEA9200DDA37F /* DetailViewController.swift */,
				04C8E1DC28ACEA7B00DDA37F /* DetailPresenter.swift */,
				0468309928B47CAB0055688A /* LayoutDetailView.swift */,
			);
			path = DetailModule;
			sourceTree = "<group>";
		};
		04C8E1E528ACEAE000DDA37F /* ListModule */ = {
			isa = PBXGroup;
			children = (
				04C8E1E128ACEACD00DDA37F /* ListViewController.swift */,
				04C8E1E328ACEAD800DDA37F /* ListPresenter.swift */,
			);
			name = ListModule;
			sourceTree = "<group>";
		};
		04C8E1E828ACEF2A00DDA37F /* CustomViews */ = {
			isa = PBXGroup;
			children = (
				04C8E1E628ACEEEE00DDA37F /* CardView.swift */,
				04C8E1E928ACEF3800DDA37F /* Cells */,
			);
			path = CustomViews;
			sourceTree = "<group>";
		};
		04C8E1E928ACEF3800DDA37F /* Cells */ = {
			isa = PBXGroup;
			children = (
				04C8E1EA28ACEF6B00DDA37F /* CuisineTableViewCell.swift */,
				04C8E1EE28ACF08300DDA37F /* CommonTableViewCell.swift */,
				04C8E1F028ACF0A200DDA37F /* TrendingTableViewCell.swift */,
				04C8E1F228ACF0C300DDA37F /* ListItemTableViewCell.swift */,
				0459F61228ACF12B00B48125 /* FoodTypeTableViewCell.swift */,
				0459F61428ACF15900B48125 /* PhotoSliderCollectionViewCell.swift */,
				0468309728B2A3AD0055688A /* BusinessesItemTableViewCell.swift */,
			);
			path = Cells;
			sourceTree = "<group>";
		};
/* End PBXGroup section */

/* Begin PBXNativeTarget section */
		04C8E1B028ACDF8C00DDA37F /* Yelpy */ = {
			isa = PBXNativeTarget;
			buildConfigurationList = 04C8E1C828ACDF9200DDA37F /* Build configuration list for PBXNativeTarget "Yelpy" */;
			buildPhases = (
				04C8E1AD28ACDF8C00DDA37F /* Sources */,
				04C8E1AE28ACDF8C00DDA37F /* Frameworks */,
				04C8E1AF28ACDF8C00DDA37F /* Resources */,
			);
			buildRules = (
			);
			dependencies = (
			);
			name = Yelpy;
			packageProductDependencies = (
				0468309328B25BBD0055688A /* SDWebImage */,
				0468309528B25BBD0055688A /* SDWebImageMapKit */,
				0468309C28B47D980055688A /* SkeletonView */,
			);
			productName = Yelpy;
			productReference = 04C8E1B128ACDF8C00DDA37F /* Yelpy.app */;
			productType = "com.apple.product-type.application";
		};
/* End PBXNativeTarget section */

/* Begin PBXProject section */
		04C8E1A928ACDF8C00DDA37F /* Project object */ = {
			isa = PBXProject;
			attributes = {
				BuildIndependentTargetsInParallel = 1;
				LastSwiftUpdateCheck = 1320;
				LastUpgradeCheck = 1320;
				TargetAttributes = {
					04C8E1B028ACDF8C00DDA37F = {
						CreatedOnToolsVersion = 13.2.1;
					};
				};
			};
			buildConfigurationList = 04C8E1AC28ACDF8C00DDA37F /* Build configuration list for PBXProject "Yelpy" */;
			compatibilityVersion = "Xcode 13.0";
			developmentRegion = en;
			hasScannedForEncodings = 0;
			knownRegions = (
				en,
				Base,
			);
			mainGroup = 04C8E1A828ACDF8C00DDA37F;
			packageReferences = (
				0468309228B25BBD0055688A /* XCRemoteSwiftPackageReference "SDWebImage" */,
				0468309B28B47D980055688A /* XCRemoteSwiftPackageReference "SkeletonView" */,
			);
			productRefGroup = 04C8E1B228ACDF8C00DDA37F /* Products */;
			projectDirPath = "";
			projectRoot = "";
			targets = (
				04C8E1B028ACDF8C00DDA37F /* Yelpy */,
			);
		};
/* End PBXProject section */

/* Begin PBXResourcesBuildPhase section */
		04C8E1AF28ACDF8C00DDA37F /* Resources */ = {
			isa = PBXResourcesBuildPhase;
			buildActionMask = 2147483647;
			files = (
				04C8E1C428ACDF9200DDA37F /* LaunchScreen.storyboard in Resources */,
				046830AB28B6401C0055688A /* AvenirNextLTPro-Regular.otf in Resources */,
				046830AC28B6401C0055688A /* AvenirNextLTPro-Bold.otf in Resources */,
				04C8E1C128ACDF9200DDA37F /* Assets.xcassets in Resources */,
				046830AD28B6401C0055688A /* AvenirNextLTPro-It.otf in Resources */,
			);
			runOnlyForDeploymentPostprocessing = 0;
		};
/* End PBXResourcesBuildPhase section */

/* Begin PBXSourcesBuildPhase section */
		04C8E1AD28ACDF8C00DDA37F /* Sources */ = {
			isa = PBXSourcesBuildPhase;
			buildActionMask = 2147483647;
			files = (
				0468309F28B4A34B0055688A /* PersistanceManager.swift in Sources */,
				04C8E1F128ACF0A200DDA37F /* TrendingTableViewCell.swift in Sources */,
				04C8E1DF28ACEA9200DDA37F /* DetailViewController.swift in Sources */,
				04C8E1F328ACF0C300DDA37F /* ListItemTableViewCell.swift in Sources */,
				04C8E1D128ACE9D000DDA37F /* MainViewController.swift in Sources */,
				04C8E1B928ACDF8C00DDA37F /* ViewController.swift in Sources */,
				0459F61328ACF12B00B48125 /* FoodTypeTableViewCell.swift in Sources */,
				0468309828B2A3AD0055688A /* BusinessesItemTableViewCell.swift in Sources */,
				04C8E1BF28ACDF8C00DDA37F /* Yelpy.xcdatamodeld in Sources */,
				0468309128B15A4C0055688A /* DefaultArrays.swift in Sources */,
				04C8E1DA28ACEA5B00DDA37F /* FavoritesPresenter.swift in Sources */,
				04C8E1EB28ACEF6B00DDA37F /* CuisineTableViewCell.swift in Sources */,
				04C8E1E228ACEACD00DDA37F /* ListViewController.swift in Sources */,
				0468308328B13B390055688A /* CoordinatorBuilder.swift in Sources */,
				04C8E1ED28ACF04300DDA37F /* Extentions.swift in Sources */,
				0468308128B138890055688A /* AppCoordinator.swift in Sources */,
				04C8E1D528ACE9F600DDA37F /* MainPresenter.swift in Sources */,
				04C8E1B528ACDF8C00DDA37F /* AppDelegate.swift in Sources */,
				0468308F28B156C90055688A /* Business.swift in Sources */,
				0459F61528ACF15900B48125 /* PhotoSliderCollectionViewCell.swift in Sources */,
				04C8E1D328ACE9E800DDA37F /* LayoutMainView.swift in Sources */,
				04C8E1E428ACEAD800DDA37F /* ListPresenter.swift in Sources */,
				04C8E1B728ACDF8C00DDA37F /* SceneDelegate.swift in Sources */,
				04C8E1EF28ACF08300DDA37F /* CommonTableViewCell.swift in Sources */,
				04C8E1D828ACEA2F00DDA37F /* FavoritesViewController.swift in Sources */,
				0468308B28B156030055688A /* APICaller.swift in Sources */,
				0468308D28B156BE0055688A /* BusinessesList.swift in Sources */,
				04C8E1CE28ACE2D400DDA37F /* ModuleBuilder.swift in Sources */,
				0468308728B13E0F0055688A /* MainCoordinator.swift in Sources */,
				04C8E1E728ACEEEE00DDA37F /* CardView.swift in Sources */,
				0468309A28B47CAB0055688A /* LayoutDetailView.swift in Sources */,
				046830A328B4DB6D0055688A /* FavoritesCoordinator.swift in Sources */,
				04C8E1DD28ACEA7B00DDA37F /* DetailPresenter.swift in Sources */,
			);
			runOnlyForDeploymentPostprocessing = 0;
		};
/* End PBXSourcesBuildPhase section */

/* Begin PBXVariantGroup section */
		04C8E1C228ACDF9200DDA37F /* LaunchScreen.storyboard */ = {
			isa = PBXVariantGroup;
			children = (
				04C8E1C328ACDF9200DDA37F /* Base */,
			);
			name = LaunchScreen.storyboard;
			sourceTree = "<group>";
		};
/* End PBXVariantGroup section */

/* Begin XCBuildConfiguration section */
		04C8E1C628ACDF9200DDA37F /* Debug */ = {
			isa = XCBuildConfiguration;
			buildSettings = {
				ALWAYS_SEARCH_USER_PATHS = NO;
				CLANG_ANALYZER_NONNULL = YES;
				CLANG_ANALYZER_NUMBER_OBJECT_CONVERSION = YES_AGGRESSIVE;
				CLANG_CXX_LANGUAGE_STANDARD = "gnu++17";
				CLANG_CXX_LIBRARY = "libc++";
				CLANG_ENABLE_MODULES = YES;
				CLANG_ENABLE_OBJC_ARC = YES;
				CLANG_ENABLE_OBJC_WEAK = YES;
				CLANG_WARN_BLOCK_CAPTURE_AUTORELEASING = YES;
				CLANG_WARN_BOOL_CONVERSION = YES;
				CLANG_WARN_COMMA = YES;
				CLANG_WARN_CONSTANT_CONVERSION = YES;
				CLANG_WARN_DEPRECATED_OBJC_IMPLEMENTATIONS = YES;
				CLANG_WARN_DIRECT_OBJC_ISA_USAGE = YES_ERROR;
				CLANG_WARN_DOCUMENTATION_COMMENTS = YES;
				CLANG_WARN_EMPTY_BODY = YES;
				CLANG_WARN_ENUM_CONVERSION = YES;
				CLANG_WARN_INFINITE_RECURSION = YES;
				CLANG_WARN_INT_CONVERSION = YES;
				CLANG_WARN_NON_LITERAL_NULL_CONVERSION = YES;
				CLANG_WARN_OBJC_IMPLICIT_RETAIN_SELF = YES;
				CLANG_WARN_OBJC_LITERAL_CONVERSION = YES;
				CLANG_WARN_OBJC_ROOT_CLASS = YES_ERROR;
				CLANG_WARN_QUOTED_INCLUDE_IN_FRAMEWORK_HEADER = YES;
				CLANG_WARN_RANGE_LOOP_ANALYSIS = YES;
				CLANG_WARN_STRICT_PROTOTYPES = YES;
				CLANG_WARN_SUSPICIOUS_MOVE = YES;
				CLANG_WARN_UNGUARDED_AVAILABILITY = YES_AGGRESSIVE;
				CLANG_WARN_UNREACHABLE_CODE = YES;
				CLANG_WARN__DUPLICATE_METHOD_MATCH = YES;
				COPY_PHASE_STRIP = NO;
				DEBUG_INFORMATION_FORMAT = dwarf;
				ENABLE_STRICT_OBJC_MSGSEND = YES;
				ENABLE_TESTABILITY = YES;
				GCC_C_LANGUAGE_STANDARD = gnu11;
				GCC_DYNAMIC_NO_PIC = NO;
				GCC_NO_COMMON_BLOCKS = YES;
				GCC_OPTIMIZATION_LEVEL = 0;
				GCC_PREPROCESSOR_DEFINITIONS = (
					"DEBUG=1",
					"$(inherited)",
				);
				GCC_WARN_64_TO_32_BIT_CONVERSION = YES;
				GCC_WARN_ABOUT_RETURN_TYPE = YES_ERROR;
				GCC_WARN_UNDECLARED_SELECTOR = YES;
				GCC_WARN_UNINITIALIZED_AUTOS = YES_AGGRESSIVE;
				GCC_WARN_UNUSED_FUNCTION = YES;
				GCC_WARN_UNUSED_VARIABLE = YES;
				IPHONEOS_DEPLOYMENT_TARGET = 15.2;
				MTL_ENABLE_DEBUG_INFO = INCLUDE_SOURCE;
				MTL_FAST_MATH = YES;
				ONLY_ACTIVE_ARCH = YES;
				SDKROOT = iphoneos;
				SWIFT_ACTIVE_COMPILATION_CONDITIONS = DEBUG;
				SWIFT_OPTIMIZATION_LEVEL = "-Onone";
			};
			name = Debug;
		};
		04C8E1C728ACDF9200DDA37F /* Release */ = {
			isa = XCBuildConfiguration;
			buildSettings = {
				ALWAYS_SEARCH_USER_PATHS = NO;
				CLANG_ANALYZER_NONNULL = YES;
				CLANG_ANALYZER_NUMBER_OBJECT_CONVERSION = YES_AGGRESSIVE;
				CLANG_CXX_LANGUAGE_STANDARD = "gnu++17";
				CLANG_CXX_LIBRARY = "libc++";
				CLANG_ENABLE_MODULES = YES;
				CLANG_ENABLE_OBJC_ARC = YES;
				CLANG_ENABLE_OBJC_WEAK = YES;
				CLANG_WARN_BLOCK_CAPTURE_AUTORELEASING = YES;
				CLANG_WARN_BOOL_CONVERSION = YES;
				CLANG_WARN_COMMA = YES;
				CLANG_WARN_CONSTANT_CONVERSION = YES;
				CLANG_WARN_DEPRECATED_OBJC_IMPLEMENTATIONS = YES;
				CLANG_WARN_DIRECT_OBJC_ISA_USAGE = YES_ERROR;
				CLANG_WARN_DOCUMENTATION_COMMENTS = YES;
				CLANG_WARN_EMPTY_BODY = YES;
				CLANG_WARN_ENUM_CONVERSION = YES;
				CLANG_WARN_INFINITE_RECURSION = YES;
				CLANG_WARN_INT_CONVERSION = YES;
				CLANG_WARN_NON_LITERAL_NULL_CONVERSION = YES;
				CLANG_WARN_OBJC_IMPLICIT_RETAIN_SELF = YES;
				CLANG_WARN_OBJC_LITERAL_CONVERSION = YES;
				CLANG_WARN_OBJC_ROOT_CLASS = YES_ERROR;
				CLANG_WARN_QUOTED_INCLUDE_IN_FRAMEWORK_HEADER = YES;
				CLANG_WARN_RANGE_LOOP_ANALYSIS = YES;
				CLANG_WARN_STRICT_PROTOTYPES = YES;
				CLANG_WARN_SUSPICIOUS_MOVE = YES;
				CLANG_WARN_UNGUARDED_AVAILABILITY = YES_AGGRESSIVE;
				CLANG_WARN_UNREACHABLE_CODE = YES;
				CLANG_WARN__DUPLICATE_METHOD_MATCH = YES;
				COPY_PHASE_STRIP = NO;
				DEBUG_INFORMATION_FORMAT = "dwarf-with-dsym";
				ENABLE_NS_ASSERTIONS = NO;
				ENABLE_STRICT_OBJC_MSGSEND = YES;
				GCC_C_LANGUAGE_STANDARD = gnu11;
				GCC_NO_COMMON_BLOCKS = YES;
				GCC_WARN_64_TO_32_BIT_CONVERSION = YES;
				GCC_WARN_ABOUT_RETURN_TYPE = YES_ERROR;
				GCC_WARN_UNDECLARED_SELECTOR = YES;
				GCC_WARN_UNINITIALIZED_AUTOS = YES_AGGRESSIVE;
				GCC_WARN_UNUSED_FUNCTION = YES;
				GCC_WARN_UNUSED_VARIABLE = YES;
				IPHONEOS_DEPLOYMENT_TARGET = 15.2;
				MTL_ENABLE_DEBUG_INFO = NO;
				MTL_FAST_MATH = YES;
				SDKROOT = iphoneos;
				SWIFT_COMPILATION_MODE = wholemodule;
				SWIFT_OPTIMIZATION_LEVEL = "-O";
				VALIDATE_PRODUCT = YES;
			};
			name = Release;
		};
		04C8E1C928ACDF9200DDA37F /* Debug */ = {
			isa = XCBuildConfiguration;
			buildSettings = {
				ASSETCATALOG_COMPILER_APPICON_NAME = AppIcon;
				ASSETCATALOG_COMPILER_GLOBAL_ACCENT_COLOR_NAME = AccentColor;
				CODE_SIGN_STYLE = Automatic;
				CURRENT_PROJECT_VERSION = 1;
				GENERATE_INFOPLIST_FILE = YES;
				INFOPLIST_FILE = Yelpy/Info.plist;
				INFOPLIST_KEY_UIApplicationSupportsIndirectInputEvents = YES;
				INFOPLIST_KEY_UILaunchStoryboardName = LaunchScreen;
				INFOPLIST_KEY_UISupportedInterfaceOrientations_iPad = "UIInterfaceOrientationPortrait UIInterfaceOrientationPortraitUpsideDown UIInterfaceOrientationLandscapeLeft UIInterfaceOrientationLandscapeRight";
				INFOPLIST_KEY_UISupportedInterfaceOrientations_iPhone = "UIInterfaceOrientationPortrait UIInterfaceOrientationLandscapeLeft UIInterfaceOrientationLandscapeRight";
				LD_RUNPATH_SEARCH_PATHS = (
					"$(inherited)",
					"@executable_path/Frameworks",
				);
				MARKETING_VERSION = 1.0;
				PRODUCT_BUNDLE_IDENTIFIER = Olzhas.Yelpy;
				PRODUCT_NAME = "$(TARGET_NAME)";
				SWIFT_EMIT_LOC_STRINGS = YES;
				SWIFT_VERSION = 5.0;
				TARGETED_DEVICE_FAMILY = 1;
			};
			name = Debug;
		};
		04C8E1CA28ACDF9200DDA37F /* Release */ = {
			isa = XCBuildConfiguration;
			buildSettings = {
				ASSETCATALOG_COMPILER_APPICON_NAME = AppIcon;
				ASSETCATALOG_COMPILER_GLOBAL_ACCENT_COLOR_NAME = AccentColor;
				CODE_SIGN_STYLE = Automatic;
				CURRENT_PROJECT_VERSION = 1;
				GENERATE_INFOPLIST_FILE = YES;
				INFOPLIST_FILE = Yelpy/Info.plist;
				INFOPLIST_KEY_UIApplicationSupportsIndirectInputEvents = YES;
				INFOPLIST_KEY_UILaunchStoryboardName = LaunchScreen;
				INFOPLIST_KEY_UISupportedInterfaceOrientations_iPad = "UIInterfaceOrientationPortrait UIInterfaceOrientationPortraitUpsideDown UIInterfaceOrientationLandscapeLeft UIInterfaceOrientationLandscapeRight";
				INFOPLIST_KEY_UISupportedInterfaceOrientations_iPhone = "UIInterfaceOrientationPortrait UIInterfaceOrientationLandscapeLeft UIInterfaceOrientationLandscapeRight";
				LD_RUNPATH_SEARCH_PATHS = (
					"$(inherited)",
					"@executable_path/Frameworks",
				);
				MARKETING_VERSION = 1.0;
				PRODUCT_BUNDLE_IDENTIFIER = Olzhas.Yelpy;
				PRODUCT_NAME = "$(TARGET_NAME)";
				SWIFT_EMIT_LOC_STRINGS = YES;
				SWIFT_VERSION = 5.0;
				TARGETED_DEVICE_FAMILY = 1;
			};
			name = Release;
		};
/* End XCBuildConfiguration section */

/* Begin XCConfigurationList section */
		04C8E1AC28ACDF8C00DDA37F /* Build configuration list for PBXProject "Yelpy" */ = {
			isa = XCConfigurationList;
			buildConfigurations = (
				04C8E1C628ACDF9200DDA37F /* Debug */,
				04C8E1C728ACDF9200DDA37F /* Release */,
			);
			defaultConfigurationIsVisible = 0;
			defaultConfigurationName = Release;
		};
		04C8E1C828ACDF9200DDA37F /* Build configuration list for PBXNativeTarget "Yelpy" */ = {
			isa = XCConfigurationList;
			buildConfigurations = (
				04C8E1C928ACDF9200DDA37F /* Debug */,
				04C8E1CA28ACDF9200DDA37F /* Release */,
			);
			defaultConfigurationIsVisible = 0;
			defaultConfigurationName = Release;
		};
/* End XCConfigurationList section */

/* Begin XCRemoteSwiftPackageReference section */
		0468309228B25BBD0055688A /* XCRemoteSwiftPackageReference "SDWebImage" */ = {
			isa = XCRemoteSwiftPackageReference;
			repositoryURL = "https://github.com/SDWebImage/SDWebImage.git";
			requirement = {
				kind = upToNextMajorVersion;
				minimumVersion = 5.0.0;
			};
		};
		0468309B28B47D980055688A /* XCRemoteSwiftPackageReference "SkeletonView" */ = {
			isa = XCRemoteSwiftPackageReference;
			repositoryURL = "https://github.com/Juanpe/SkeletonView.git";
			requirement = {
				kind = upToNextMajorVersion;
				minimumVersion = 1.0.0;
			};
		};
/* End XCRemoteSwiftPackageReference section */

/* Begin XCSwiftPackageProductDependency section */
		0468309328B25BBD0055688A /* SDWebImage */ = {
			isa = XCSwiftPackageProductDependency;
			package = 0468309228B25BBD0055688A /* XCRemoteSwiftPackageReference "SDWebImage" */;
			productName = SDWebImage;
		};
		0468309528B25BBD0055688A /* SDWebImageMapKit */ = {
			isa = XCSwiftPackageProductDependency;
			package = 0468309228B25BBD0055688A /* XCRemoteSwiftPackageReference "SDWebImage" */;
			productName = SDWebImageMapKit;
		};
		0468309C28B47D980055688A /* SkeletonView */ = {
			isa = XCSwiftPackageProductDependency;
			package = 0468309B28B47D980055688A /* XCRemoteSwiftPackageReference "SkeletonView" */;
			productName = SkeletonView;
		};
/* End XCSwiftPackageProductDependency section */

/* Begin XCVersionGroup section */
		04C8E1BD28ACDF8C00DDA37F /* Yelpy.xcdatamodeld */ = {
			isa = XCVersionGroup;
			children = (
				04C8E1BE28ACDF8C00DDA37F /* Yelpy.xcdatamodel */,
			);
			currentVersion = 04C8E1BE28ACDF8C00DDA37F /* Yelpy.xcdatamodel */;
			path = Yelpy.xcdatamodeld;
			sourceTree = "<group>";
			versionGroupType = wrapper.xcdatamodel;
		};
/* End XCVersionGroup section */
	};
	rootObject = 04C8E1A928ACDF8C00DDA37F /* Project object */;
}
